
Microsoft Visual Studio Solution File, Format Version 12.00
# Visual Studio 15
VisualStudioVersion = 15.0.28307.271
MinimumVisualStudioVersion = 10.0.40219.1
Project("{FAE04EC0-301F-11D3-BF4B-00C04F79EFBC}") = "WebApiApp1", "WebApiApp1\WebApiApp1.csproj", "{CE608A4A-1E1E-4116-AEF7-36DCF6CFA2AB}"
EndProject
Project("{FAE04EC0-301F-11D3-BF4B-00C04F79EFBC}") = "WebAppMVC", "WebAppMVC\WebAppMVC.csproj", "{F1ABA706-14C5-4AD5-AFDF-CE62AA77CB89}"
EndProject
Project("{FAE04EC0-301F-11D3-BF4B-00C04F79EFBC}") = "WebApp2", "WebApp2\WebApp2.csproj", "{36CDF2E8-111A-4876-9B95-FAD86171EC7E}"
EndProject
Global
	GlobalSection(SolutionConfigurationPlatforms) = preSolution
		Debug|Any CPU = Debug|Any CPU
		Release|Any CPU = Release|Any CPU
	EndGlobalSection
	GlobalSection(ProjectConfigurationPlatforms) = postSolution
		{CE608A4A-1E1E-4116-AEF7-36DCF6CFA2AB}.Debug|Any CPU.ActiveCfg = Debug|Any CPU
		{CE608A4A-1E1E-4116-AEF7-36DCF6CFA2AB}.Debug|Any CPU.Build.0 = Debug|Any CPU
		{CE608A4A-1E1E-4116-AEF7-36DCF6CFA2AB}.Release|Any CPU.ActiveCfg = Release|Any CPU
		{CE608A4A-1E1E-4116-AEF7-36DCF6CFA2AB}.Release|Any CPU.Build.0 = Release|Any CPU
		{F1ABA706-14C5-4AD5-AFDF-CE62AA77CB89}.Debug|Any CPU.ActiveCfg = Debug|Any CPU
		{F1ABA706-14C5-4AD5-AFDF-CE62AA77CB89}.Debug|Any CPU.Build.0 = Debug|Any CPU
		{F1ABA706-14C5-4AD5-AFDF-CE62AA77CB89}.Release|Any CPU.ActiveCfg = Release|Any CPU
		{F1ABA706-14C5-4AD5-AFDF-CE62AA77CB89}.Release|Any CPU.Build.0 = Release|Any CPU
		{36CDF2E8-111A-4876-9B95-FAD86171EC7E}.Debug|Any CPU.ActiveCfg = Debug|Any CPU
		{36CDF2E8-111A-4876-9B95-FAD86171EC7E}.Debug|Any CPU.Build.0 = Debug|Any CPU
		{36CDF2E8-111A-4876-9B95-FAD86171EC7E}.Release|Any CPU.ActiveCfg = Release|Any CPU
		{36CDF2E8-111A-4876-9B95-FAD86171EC7E}.Release|Any CPU.Build.0 = Release|Any CPU
	EndGlobalSection
	GlobalSection(SolutionProperties) = preSolution
		HideSolutionNode = FALSE
	EndGlobalSection
	GlobalSection(ExtensibilityGlobals) = postSolution
		SolutionGuid = {4CE564A3-09F7-43EE-A12D-E66BCD48EC8E}
	EndGlobalSection
EndGlobal
